// !$*UTF8*$!
{
	archiveVersion = 1;
	classes = {
	};
	objectVersion = 51;
	objects = {

/* Begin PBXBuildFile section */
		5FFF15F0AFBEFB12A014B101 /* Pods_LategramTests.framework in Frameworks */ = {isa = PBXBuildFile; fileRef = 4D8960CCE43A6A4C3F2D5365 /* Pods_LategramTests.framework */; };
		75474F65257748F500BDF2D5 /* AppDelegate.swift in Sources */ = {isa = PBXBuildFile; fileRef = 75474F64257748F500BDF2D5 /* AppDelegate.swift */; };
		75474F67257748F500BDF2D5 /* SceneDelegate.swift in Sources */ = {isa = PBXBuildFile; fileRef = 75474F66257748F500BDF2D5 /* SceneDelegate.swift */; };
		75474F69257748F500BDF2D5 /* HomeViewController.swift in Sources */ = {isa = PBXBuildFile; fileRef = 75474F68257748F500BDF2D5 /* HomeViewController.swift */; };
		75474F6C257748F500BDF2D5 /* Main.storyboard in Resources */ = {isa = PBXBuildFile; fileRef = 75474F6A257748F500BDF2D5 /* Main.storyboard */; };
		75474F6E257748F800BDF2D5 /* Assets.xcassets in Resources */ = {isa = PBXBuildFile; fileRef = 75474F6D257748F800BDF2D5 /* Assets.xcassets */; };
		75474F71257748F800BDF2D5 /* LaunchScreen.storyboard in Resources */ = {isa = PBXBuildFile; fileRef = 75474F6F257748F800BDF2D5 /* LaunchScreen.storyboard */; };
		75474F7C257748F800BDF2D5 /* LategramTests.swift in Sources */ = {isa = PBXBuildFile; fileRef = 75474F7B257748F800BDF2D5 /* LategramTests.swift */; };
		75474F87257748F800BDF2D5 /* LategramUITests.swift in Sources */ = {isa = PBXBuildFile; fileRef = 75474F86257748F800BDF2D5 /* LategramUITests.swift */; };
		75481D8A2577520900FCE09D /* ExploreViewController.swift in Sources */ = {isa = PBXBuildFile; fileRef = 75481D892577520900FCE09D /* ExploreViewController.swift */; };
		75481D8C2577527100FCE09D /* CameraViewController.swift in Sources */ = {isa = PBXBuildFile; fileRef = 75481D8B2577527100FCE09D /* CameraViewController.swift */; };
		75481D8E2577533B00FCE09D /* NotificationsViewController.swift in Sources */ = {isa = PBXBuildFile; fileRef = 75481D8D2577533B00FCE09D /* NotificationsViewController.swift */; };
		75481D902577535600FCE09D /* ProfileViewController.swift in Sources */ = {isa = PBXBuildFile; fileRef = 75481D8F2577535600FCE09D /* ProfileViewController.swift */; };
		75481D95257754A800FCE09D /* LoginViewController.swift in Sources */ = {isa = PBXBuildFile; fileRef = 75481D94257754A800FCE09D /* LoginViewController.swift */; };
		75481D97257754D900FCE09D /* RegistrationViewController.swift in Sources */ = {isa = PBXBuildFile; fileRef = 75481D96257754D900FCE09D /* RegistrationViewController.swift */; };
		75481D992577552400FCE09D /* PostViewController.swift in Sources */ = {isa = PBXBuildFile; fileRef = 75481D982577552400FCE09D /* PostViewController.swift */; };
		75481D9B2577555300FCE09D /* EditProfileViewController.swift in Sources */ = {isa = PBXBuildFile; fileRef = 75481D9A2577555300FCE09D /* EditProfileViewController.swift */; };
		75481D9D2577557A00FCE09D /* SettingsViewController.swift in Sources */ = {isa = PBXBuildFile; fileRef = 75481D9C2577557A00FCE09D /* SettingsViewController.swift */; };
		75481D9F257755AC00FCE09D /* ListViewController.swift in Sources */ = {isa = PBXBuildFile; fileRef = 75481D9E257755AC00FCE09D /* ListViewController.swift */; };
		75481DA1257755CF00FCE09D /* SearchViewController.swift in Sources */ = {isa = PBXBuildFile; fileRef = 75481DA0257755CF00FCE09D /* SearchViewController.swift */; };
		75481DA3257755ED00FCE09D /* SearchResultViewController.swift in Sources */ = {isa = PBXBuildFile; fileRef = 75481DA2257755ED00FCE09D /* SearchResultViewController.swift */; };
		75481DA52577563800FCE09D /* PostEditorViewController.swift in Sources */ = {isa = PBXBuildFile; fileRef = 75481DA42577563800FCE09D /* PostEditorViewController.swift */; };
		75481DA72577566900FCE09D /* PublishPostViewController.swift in Sources */ = {isa = PBXBuildFile; fileRef = 75481DA62577566900FCE09D /* PublishPostViewController.swift */; };
		75481DA92577712800FCE09D /* GoogleService-Info.plist in Resources */ = {isa = PBXBuildFile; fileRef = 75481DA82577712800FCE09D /* GoogleService-Info.plist */; };
		75481DAC257777C000FCE09D /* DatabaseManager.swift in Sources */ = {isa = PBXBuildFile; fileRef = 75481DAB257777C000FCE09D /* DatabaseManager.swift */; };
		755CAB6D257D6C45007501FA /* AuthManager.swift in Sources */ = {isa = PBXBuildFile; fileRef = 755CAB6C257D6C45007501FA /* AuthManager.swift */; };
		755CAB6F257D6CB9007501FA /* StorageManager.swift in Sources */ = {isa = PBXBuildFile; fileRef = 755CAB6E257D6CB9007501FA /* StorageManager.swift */; };
		755CAB71257D74D7007501FA /* Extensions.swift in Sources */ = {isa = PBXBuildFile; fileRef = 755CAB70257D74D7007501FA /* Extensions.swift */; };
		75B9299C25858025000C0DEB /* FormTableViewCell.swift in Sources */ = {isa = PBXBuildFile; fileRef = 75B9299B25858025000C0DEB /* FormTableViewCell.swift */; };
		75B9299F2585A17A000C0DEB /* PhotoCollectionViewCell.swift in Sources */ = {isa = PBXBuildFile; fileRef = 75B9299E2585A179000C0DEB /* PhotoCollectionViewCell.swift */; };
		75B929A12585A233000C0DEB /* ProfileInfoHeaderCollectionReusableView.swift in Sources */ = {isa = PBXBuildFile; fileRef = 75B929A02585A233000C0DEB /* ProfileInfoHeaderCollectionReusableView.swift */; };
		75B929A32585A28C000C0DEB /* ProfileTabsCollectionReusableView.swift in Sources */ = {isa = PBXBuildFile; fileRef = 75B929A22585A28C000C0DEB /* ProfileTabsCollectionReusableView.swift */; };
		75DBDC7B258321E400E1946F /* IGFeedPostTableViewCell.swift in Sources */ = {isa = PBXBuildFile; fileRef = 75DBDC7A258321E400E1946F /* IGFeedPostTableViewCell.swift */; };
		75DBDC7E2583255100E1946F /* IGFeedPostHeaderTableViewCell.swift in Sources */ = {isa = PBXBuildFile; fileRef = 75DBDC7D2583255100E1946F /* IGFeedPostHeaderTableViewCell.swift */; };
		75DBDC802583259000E1946F /* IGFeedPostActionsTableViewCell.swift in Sources */ = {isa = PBXBuildFile; fileRef = 75DBDC7F2583259000E1946F /* IGFeedPostActionsTableViewCell.swift */; };
		75DBDC82258325CC00E1946F /* IGFeedPostGeneralTableViewCell.swift in Sources */ = {isa = PBXBuildFile; fileRef = 75DBDC81258325CC00E1946F /* IGFeedPostGeneralTableViewCell.swift */; };
		9D9461AB8897A99622F9408A /* Pods_Lategram.framework in Frameworks */ = {isa = PBXBuildFile; fileRef = 2E4BC640E8FAF5181082BBAB /* Pods_Lategram.framework */; };
		D3FA523288828AE0A979698F /* Pods_Lategram_LategramUITests.framework in Frameworks */ = {isa = PBXBuildFile; fileRef = 32233ADE7107C86E62115FF6 /* Pods_Lategram_LategramUITests.framework */; };
/* End PBXBuildFile section */

/* Begin PBXContainerItemProxy section */
		75474F78257748F800BDF2D5 /* PBXContainerItemProxy */ = {
			isa = PBXContainerItemProxy;
			containerPortal = 75474F59257748F500BDF2D5 /* Project object */;
			proxyType = 1;
			remoteGlobalIDString = 75474F60257748F500BDF2D5;
			remoteInfo = Lategram;
		};
		75474F83257748F800BDF2D5 /* PBXContainerItemProxy */ = {
			isa = PBXContainerItemProxy;
			containerPortal = 75474F59257748F500BDF2D5 /* Project object */;
			proxyType = 1;
			remoteGlobalIDString = 75474F60257748F500BDF2D5;
			remoteInfo = Lategram;
		};
/* End PBXContainerItemProxy section */

/* Begin PBXFileReference section */
		2E4BC640E8FAF5181082BBAB /* Pods_Lategram.framework */ = {isa = PBXFileReference; explicitFileType = wrapper.framework; includeInIndex = 0; path = Pods_Lategram.framework; sourceTree = BUILT_PRODUCTS_DIR; };
		32233ADE7107C86E62115FF6 /* Pods_Lategram_LategramUITests.framework */ = {isa = PBXFileReference; explicitFileType = wrapper.framework; includeInIndex = 0; path = Pods_Lategram_LategramUITests.framework; sourceTree = BUILT_PRODUCTS_DIR; };
		4D8960CCE43A6A4C3F2D5365 /* Pods_LategramTests.framework */ = {isa = PBXFileReference; explicitFileType = wrapper.framework; includeInIndex = 0; path = Pods_LategramTests.framework; sourceTree = BUILT_PRODUCTS_DIR; };
		75474F61257748F500BDF2D5 /* Lategram.app */ = {isa = PBXFileReference; explicitFileType = wrapper.application; includeInIndex = 0; path = Lategram.app; sourceTree = BUILT_PRODUCTS_DIR; };
		75474F64257748F500BDF2D5 /* AppDelegate.swift */ = {isa = PBXFileReference; lastKnownFileType = sourcecode.swift; path = AppDelegate.swift; sourceTree = "<group>"; };
		75474F66257748F500BDF2D5 /* SceneDelegate.swift */ = {isa = PBXFileReference; lastKnownFileType = sourcecode.swift; path = SceneDelegate.swift; sourceTree = "<group>"; };
		75474F68257748F500BDF2D5 /* HomeViewController.swift */ = {isa = PBXFileReference; lastKnownFileType = sourcecode.swift; path = HomeViewController.swift; sourceTree = "<group>"; };
		75474F6B257748F500BDF2D5 /* Base */ = {isa = PBXFileReference; lastKnownFileType = file.storyboard; name = Base; path = Base.lproj/Main.storyboard; sourceTree = "<group>"; };
		75474F6D257748F800BDF2D5 /* Assets.xcassets */ = {isa = PBXFileReference; lastKnownFileType = folder.assetcatalog; path = Assets.xcassets; sourceTree = "<group>"; };
		75474F70257748F800BDF2D5 /* Base */ = {isa = PBXFileReference; lastKnownFileType = file.storyboard; name = Base; path = Base.lproj/LaunchScreen.storyboard; sourceTree = "<group>"; };
		75474F72257748F800BDF2D5 /* Info.plist */ = {isa = PBXFileReference; lastKnownFileType = text.plist.xml; path = Info.plist; sourceTree = "<group>"; };
		75474F77257748F800BDF2D5 /* LategramTests.xctest */ = {isa = PBXFileReference; explicitFileType = wrapper.cfbundle; includeInIndex = 0; path = LategramTests.xctest; sourceTree = BUILT_PRODUCTS_DIR; };
		75474F7B257748F800BDF2D5 /* LategramTests.swift */ = {isa = PBXFileReference; lastKnownFileType = sourcecode.swift; path = LategramTests.swift; sourceTree = "<group>"; };
		75474F7D257748F800BDF2D5 /* Info.plist */ = {isa = PBXFileReference; lastKnownFileType = text.plist.xml; path = Info.plist; sourceTree = "<group>"; };
		75474F82257748F800BDF2D5 /* LategramUITests.xctest */ = {isa = PBXFileReference; explicitFileType = wrapper.cfbundle; includeInIndex = 0; path = LategramUITests.xctest; sourceTree = BUILT_PRODUCTS_DIR; };
		75474F86257748F800BDF2D5 /* LategramUITests.swift */ = {isa = PBXFileReference; lastKnownFileType = sourcecode.swift; path = LategramUITests.swift; sourceTree = "<group>"; };
		75474F88257748F800BDF2D5 /* Info.plist */ = {isa = PBXFileReference; lastKnownFileType = text.plist.xml; path = Info.plist; sourceTree = "<group>"; };
		75481D892577520900FCE09D /* ExploreViewController.swift */ = {isa = PBXFileReference; lastKnownFileType = sourcecode.swift; path = ExploreViewController.swift; sourceTree = "<group>"; };
		75481D8B2577527100FCE09D /* CameraViewController.swift */ = {isa = PBXFileReference; lastKnownFileType = sourcecode.swift; path = CameraViewController.swift; sourceTree = "<group>"; };
		75481D8D2577533B00FCE09D /* NotificationsViewController.swift */ = {isa = PBXFileReference; lastKnownFileType = sourcecode.swift; path = NotificationsViewController.swift; sourceTree = "<group>"; };
		75481D8F2577535600FCE09D /* ProfileViewController.swift */ = {isa = PBXFileReference; lastKnownFileType = sourcecode.swift; path = ProfileViewController.swift; sourceTree = "<group>"; };
		75481D94257754A800FCE09D /* LoginViewController.swift */ = {isa = PBXFileReference; lastKnownFileType = sourcecode.swift; path = LoginViewController.swift; sourceTree = "<group>"; };
		75481D96257754D900FCE09D /* RegistrationViewController.swift */ = {isa = PBXFileReference; lastKnownFileType = sourcecode.swift; path = RegistrationViewController.swift; sourceTree = "<group>"; };
		75481D982577552400FCE09D /* PostViewController.swift */ = {isa = PBXFileReference; lastKnownFileType = sourcecode.swift; path = PostViewController.swift; sourceTree = "<group>"; };
		75481D9A2577555300FCE09D /* EditProfileViewController.swift */ = {isa = PBXFileReference; lastKnownFileType = sourcecode.swift; path = EditProfileViewController.swift; sourceTree = "<group>"; };
		75481D9C2577557A00FCE09D /* SettingsViewController.swift */ = {isa = PBXFileReference; lastKnownFileType = sourcecode.swift; path = SettingsViewController.swift; sourceTree = "<group>"; };
		75481D9E257755AC00FCE09D /* ListViewController.swift */ = {isa = PBXFileReference; lastKnownFileType = sourcecode.swift; path = ListViewController.swift; sourceTree = "<group>"; };
		75481DA0257755CF00FCE09D /* SearchViewController.swift */ = {isa = PBXFileReference; lastKnownFileType = sourcecode.swift; path = SearchViewController.swift; sourceTree = "<group>"; };
		75481DA2257755ED00FCE09D /* SearchResultViewController.swift */ = {isa = PBXFileReference; lastKnownFileType = sourcecode.swift; path = SearchResultViewController.swift; sourceTree = "<group>"; };
		75481DA42577563800FCE09D /* PostEditorViewController.swift */ = {isa = PBXFileReference; lastKnownFileType = sourcecode.swift; path = PostEditorViewController.swift; sourceTree = "<group>"; };
		75481DA62577566900FCE09D /* PublishPostViewController.swift */ = {isa = PBXFileReference; lastKnownFileType = sourcecode.swift; path = PublishPostViewController.swift; sourceTree = "<group>"; };
		75481DA82577712800FCE09D /* GoogleService-Info.plist */ = {isa = PBXFileReference; fileEncoding = 4; lastKnownFileType = text.plist.xml; path = "GoogleService-Info.plist"; sourceTree = "<group>"; };
		75481DAB257777C000FCE09D /* DatabaseManager.swift */ = {isa = PBXFileReference; lastKnownFileType = sourcecode.swift; path = DatabaseManager.swift; sourceTree = "<group>"; };
		755CAB6C257D6C45007501FA /* AuthManager.swift */ = {isa = PBXFileReference; lastKnownFileType = sourcecode.swift; path = AuthManager.swift; sourceTree = "<group>"; };
		755CAB6E257D6CB9007501FA /* StorageManager.swift */ = {isa = PBXFileReference; lastKnownFileType = sourcecode.swift; path = StorageManager.swift; sourceTree = "<group>"; };
		755CAB70257D74D7007501FA /* Extensions.swift */ = {isa = PBXFileReference; lastKnownFileType = sourcecode.swift; path = Extensions.swift; sourceTree = "<group>"; };
		75B9299B25858025000C0DEB /* FormTableViewCell.swift */ = {isa = PBXFileReference; lastKnownFileType = sourcecode.swift; path = FormTableViewCell.swift; sourceTree = "<group>"; };
		75B9299E2585A179000C0DEB /* PhotoCollectionViewCell.swift */ = {isa = PBXFileReference; lastKnownFileType = sourcecode.swift; path = PhotoCollectionViewCell.swift; sourceTree = "<group>"; };
		75B929A02585A233000C0DEB /* ProfileInfoHeaderCollectionReusableView.swift */ = {isa = PBXFileReference; lastKnownFileType = sourcecode.swift; path = ProfileInfoHeaderCollectionReusableView.swift; sourceTree = "<group>"; };
		75B929A22585A28C000C0DEB /* ProfileTabsCollectionReusableView.swift */ = {isa = PBXFileReference; lastKnownFileType = sourcecode.swift; path = ProfileTabsCollectionReusableView.swift; sourceTree = "<group>"; };
		75DBDC7A258321E400E1946F /* IGFeedPostTableViewCell.swift */ = {isa = PBXFileReference; lastKnownFileType = sourcecode.swift; path = IGFeedPostTableViewCell.swift; sourceTree = "<group>"; };
		75DBDC7D2583255100E1946F /* IGFeedPostHeaderTableViewCell.swift */ = {isa = PBXFileReference; lastKnownFileType = sourcecode.swift; path = IGFeedPostHeaderTableViewCell.swift; sourceTree = "<group>"; };
		75DBDC7F2583259000E1946F /* IGFeedPostActionsTableViewCell.swift */ = {isa = PBXFileReference; lastKnownFileType = sourcecode.swift; path = IGFeedPostActionsTableViewCell.swift; sourceTree = "<group>"; };
		75DBDC81258325CC00E1946F /* IGFeedPostGeneralTableViewCell.swift */ = {isa = PBXFileReference; lastKnownFileType = sourcecode.swift; path = IGFeedPostGeneralTableViewCell.swift; sourceTree = "<group>"; };
		880AA36BACAE19A370B5F517 /* Pods-Lategram.release.xcconfig */ = {isa = PBXFileReference; includeInIndex = 1; lastKnownFileType = text.xcconfig; name = "Pods-Lategram.release.xcconfig"; path = "Target Support Files/Pods-Lategram/Pods-Lategram.release.xcconfig"; sourceTree = "<group>"; };
		8972EE418769759943D399B4 /* Pods-Lategram-LategramUITests.debug.xcconfig */ = {isa = PBXFileReference; includeInIndex = 1; lastKnownFileType = text.xcconfig; name = "Pods-Lategram-LategramUITests.debug.xcconfig"; path = "Target Support Files/Pods-Lategram-LategramUITests/Pods-Lategram-LategramUITests.debug.xcconfig"; sourceTree = "<group>"; };
		9F01D8B2DB1CE0007D097D8B /* Pods-Lategram.debug.xcconfig */ = {isa = PBXFileReference; includeInIndex = 1; lastKnownFileType = text.xcconfig; name = "Pods-Lategram.debug.xcconfig"; path = "Target Support Files/Pods-Lategram/Pods-Lategram.debug.xcconfig"; sourceTree = "<group>"; };
		A2077EEF3DDA36E8563CC73F /* Pods-LategramTests.release.xcconfig */ = {isa = PBXFileReference; includeInIndex = 1; lastKnownFileType = text.xcconfig; name = "Pods-LategramTests.release.xcconfig"; path = "Target Support Files/Pods-LategramTests/Pods-LategramTests.release.xcconfig"; sourceTree = "<group>"; };
		A45EE17C2846AB70A57B5CDF /* Pods-LategramTests.debug.xcconfig */ = {isa = PBXFileReference; includeInIndex = 1; lastKnownFileType = text.xcconfig; name = "Pods-LategramTests.debug.xcconfig"; path = "Target Support Files/Pods-LategramTests/Pods-LategramTests.debug.xcconfig"; sourceTree = "<group>"; };
		D237E2943699161F125BF15B /* Pods-Lategram-LategramUITests.release.xcconfig */ = {isa = PBXFileReference; includeInIndex = 1; lastKnownFileType = text.xcconfig; name = "Pods-Lategram-LategramUITests.release.xcconfig"; path = "Target Support Files/Pods-Lategram-LategramUITests/Pods-Lategram-LategramUITests.release.xcconfig"; sourceTree = "<group>"; };
/* End PBXFileReference section */

/* Begin PBXFrameworksBuildPhase section */
		75474F5E257748F500BDF2D5 /* Frameworks */ = {
			isa = PBXFrameworksBuildPhase;
			buildActionMask = 2147483647;
			files = (
				9D9461AB8897A99622F9408A /* Pods_Lategram.framework in Frameworks */,
			);
			runOnlyForDeploymentPostprocessing = 0;
		};
		75474F74257748F800BDF2D5 /* Frameworks */ = {
			isa = PBXFrameworksBuildPhase;
			buildActionMask = 2147483647;
			files = (
				5FFF15F0AFBEFB12A014B101 /* Pods_LategramTests.framework in Frameworks */,
			);
			runOnlyForDeploymentPostprocessing = 0;
		};
		75474F7F257748F800BDF2D5 /* Frameworks */ = {
			isa = PBXFrameworksBuildPhase;
			buildActionMask = 2147483647;
			files = (
				D3FA523288828AE0A979698F /* Pods_Lategram_LategramUITests.framework in Frameworks */,
			);
			runOnlyForDeploymentPostprocessing = 0;
		};
/* End PBXFrameworksBuildPhase section */

/* Begin PBXGroup section */
		4A58395BF2630F16C3BF6E34 /* Frameworks */ = {
			isa = PBXGroup;
			children = (
				2E4BC640E8FAF5181082BBAB /* Pods_Lategram.framework */,
				32233ADE7107C86E62115FF6 /* Pods_Lategram_LategramUITests.framework */,
				4D8960CCE43A6A4C3F2D5365 /* Pods_LategramTests.framework */,
			);
			name = Frameworks;
			sourceTree = "<group>";
		};
		75474F58257748F500BDF2D5 = {
			isa = PBXGroup;
			children = (
				75474F63257748F500BDF2D5 /* Lategram */,
				75474F7A257748F800BDF2D5 /* LategramTests */,
				75474F85257748F800BDF2D5 /* LategramUITests */,
				75474F62257748F500BDF2D5 /* Products */,
				CA7C68E083C2E3C9B5B1622A /* Pods */,
				4A58395BF2630F16C3BF6E34 /* Frameworks */,
			);
			sourceTree = "<group>";
		};
		75474F62257748F500BDF2D5 /* Products */ = {
			isa = PBXGroup;
			children = (
				75474F61257748F500BDF2D5 /* Lategram.app */,
				75474F77257748F800BDF2D5 /* LategramTests.xctest */,
				75474F82257748F800BDF2D5 /* LategramUITests.xctest */,
			);
			name = Products;
			sourceTree = "<group>";
		};
		75474F63257748F500BDF2D5 /* Lategram */ = {
			isa = PBXGroup;
			children = (
				75481DA82577712800FCE09D /* GoogleService-Info.plist */,
				75481D872577505B00FCE09D /* Resources */,
				75481D862577504500FCE09D /* Models */,
				75481D852577503700FCE09D /* Views */,
				75481D842577502600FCE09D /* Controllers */,
				75474F72257748F800BDF2D5 /* Info.plist */,
			);
			path = Lategram;
			sourceTree = "<group>";
		};
		75474F7A257748F800BDF2D5 /* LategramTests */ = {
			isa = PBXGroup;
			children = (
				75474F7B257748F800BDF2D5 /* LategramTests.swift */,
				75474F7D257748F800BDF2D5 /* Info.plist */,
			);
			path = LategramTests;
			sourceTree = "<group>";
		};
		75474F85257748F800BDF2D5 /* LategramUITests */ = {
			isa = PBXGroup;
			children = (
				75474F86257748F800BDF2D5 /* LategramUITests.swift */,
				75474F88257748F800BDF2D5 /* Info.plist */,
			);
			path = LategramUITests;
			sourceTree = "<group>";
		};
		75481D842577502600FCE09D /* Controllers */ = {
			isa = PBXGroup;
			children = (
				75481D922577546F00FCE09D /* Other */,
				75481D912577538600FCE09D /* Core Tabs */,
			);
			path = Controllers;
			sourceTree = "<group>";
		};
		75481D852577503700FCE09D /* Views */ = {
			isa = PBXGroup;
			children = (
				75B9299D2585A0D7000C0DEB /* CollectionView Headers */,
				75DBDC792583219100E1946F /* Cells */,
				75474F6D257748F800BDF2D5 /* Assets.xcassets */,
				75481D88257750D800FCE09D /* Storyboards */,
			);
			path = Views;
			sourceTree = "<group>";
		};
		75481D862577504500FCE09D /* Models */ = {
			isa = PBXGroup;
			children = (
			);
			path = Models;
			sourceTree = "<group>";
		};
		75481D872577505B00FCE09D /* Resources */ = {
			isa = PBXGroup;
			children = (
				75474F64257748F500BDF2D5 /* AppDelegate.swift */,
				75474F66257748F500BDF2D5 /* SceneDelegate.swift */,
				75481DAB257777C000FCE09D /* DatabaseManager.swift */,
				755CAB6C257D6C45007501FA /* AuthManager.swift */,
				755CAB6E257D6CB9007501FA /* StorageManager.swift */,
				755CAB70257D74D7007501FA /* Extensions.swift */,
			);
			path = Resources;
			sourceTree = "<group>";
		};
		75481D88257750D800FCE09D /* Storyboards */ = {
			isa = PBXGroup;
			children = (
				75474F6A257748F500BDF2D5 /* Main.storyboard */,
				75474F6F257748F800BDF2D5 /* LaunchScreen.storyboard */,
			);
			path = Storyboards;
			sourceTree = "<group>";
		};
		75481D912577538600FCE09D /* Core Tabs */ = {
			isa = PBXGroup;
			children = (
				75474F68257748F500BDF2D5 /* HomeViewController.swift */,
				75481D892577520900FCE09D /* ExploreViewController.swift */,
				75481D8B2577527100FCE09D /* CameraViewController.swift */,
				75481D8D2577533B00FCE09D /* NotificationsViewController.swift */,
				75481D8F2577535600FCE09D /* ProfileViewController.swift */,
			);
			path = "Core Tabs";
			sourceTree = "<group>";
		};
		75481D922577546F00FCE09D /* Other */ = {
			isa = PBXGroup;
			children = (
				75481D932577549000FCE09D /* Onboarding */,
				75481DAA2577765F00FCE09D /* General */,
			);
			path = Other;
			sourceTree = "<group>";
		};
		75481D932577549000FCE09D /* Onboarding */ = {
			isa = PBXGroup;
			children = (
				75481D94257754A800FCE09D /* LoginViewController.swift */,
				75481D96257754D900FCE09D /* RegistrationViewController.swift */,
			);
			path = Onboarding;
			sourceTree = "<group>";
		};
		75481DAA2577765F00FCE09D /* General */ = {
			isa = PBXGroup;
			children = (
				75481D9C2577557A00FCE09D /* SettingsViewController.swift */,
				75481D982577552400FCE09D /* PostViewController.swift */,
				75481D9A2577555300FCE09D /* EditProfileViewController.swift */,
				75481D9E257755AC00FCE09D /* ListViewController.swift */,
				75481DA0257755CF00FCE09D /* SearchViewController.swift */,
				75481DA2257755ED00FCE09D /* SearchResultViewController.swift */,
				75481DA42577563800FCE09D /* PostEditorViewController.swift */,
				75481DA62577566900FCE09D /* PublishPostViewController.swift */,
			);
			path = General;
			sourceTree = "<group>";
		};
		75B9299D2585A0D7000C0DEB /* CollectionView Headers */ = {
			isa = PBXGroup;
			children = (
				75B929A02585A233000C0DEB /* ProfileInfoHeaderCollectionReusableView.swift */,
				75B929A22585A28C000C0DEB /* ProfileTabsCollectionReusableView.swift */,
			);
			path = "CollectionView Headers";
			sourceTree = "<group>";
		};
		75DBDC792583219100E1946F /* Cells */ = {
			isa = PBXGroup;
			children = (
				75DBDC7C2583251000E1946F /* Home Feed */,
				75B9299B25858025000C0DEB /* FormTableViewCell.swift */,
				75B9299E2585A179000C0DEB /* PhotoCollectionViewCell.swift */,
			);
			path = Cells;
			sourceTree = "<group>";
		};
		75DBDC7C2583251000E1946F /* Home Feed */ = {
			isa = PBXGroup;
			children = (
				75DBDC7A258321E400E1946F /* IGFeedPostTableViewCell.swift */,
				75DBDC7D2583255100E1946F /* IGFeedPostHeaderTableViewCell.swift */,
				75DBDC7F2583259000E1946F /* IGFeedPostActionsTableViewCell.swift */,
				75DBDC81258325CC00E1946F /* IGFeedPostGeneralTableViewCell.swift */,
			);
			path = "Home Feed";
			sourceTree = "<group>";
		};
		CA7C68E083C2E3C9B5B1622A /* Pods */ = {
			isa = PBXGroup;
			children = (
				9F01D8B2DB1CE0007D097D8B /* Pods-Lategram.debug.xcconfig */,
				880AA36BACAE19A370B5F517 /* Pods-Lategram.release.xcconfig */,
				8972EE418769759943D399B4 /* Pods-Lategram-LategramUITests.debug.xcconfig */,
				D237E2943699161F125BF15B /* Pods-Lategram-LategramUITests.release.xcconfig */,
				A45EE17C2846AB70A57B5CDF /* Pods-LategramTests.debug.xcconfig */,
				A2077EEF3DDA36E8563CC73F /* Pods-LategramTests.release.xcconfig */,
			);
			path = Pods;
			sourceTree = "<group>";
		};
/* End PBXGroup section */

/* Begin PBXNativeTarget section */
		75474F60257748F500BDF2D5 /* Lategram */ = {
			isa = PBXNativeTarget;
			buildConfigurationList = 75474F8B257748F800BDF2D5 /* Build configuration list for PBXNativeTarget "Lategram" */;
			buildPhases = (
				299EB661DD3511CE43F86D02 /* [CP] Check Pods Manifest.lock */,
				75474F5D257748F500BDF2D5 /* Sources */,
				75474F5E257748F500BDF2D5 /* Frameworks */,
				75474F5F257748F500BDF2D5 /* Resources */,
				0D71167B277F998CA72B8158 /* [CP] Embed Pods Frameworks */,
			);
			buildRules = (
			);
			dependencies = (
			);
			name = Lategram;
			productName = Lategram;
			productReference = 75474F61257748F500BDF2D5 /* Lategram.app */;
			productType = "com.apple.product-type.application";
		};
		75474F76257748F800BDF2D5 /* LategramTests */ = {
			isa = PBXNativeTarget;
			buildConfigurationList = 75474F8E257748F800BDF2D5 /* Build configuration list for PBXNativeTarget "LategramTests" */;
			buildPhases = (
				17472D980C4DAFC0A14146B5 /* [CP] Check Pods Manifest.lock */,
				75474F73257748F800BDF2D5 /* Sources */,
				75474F74257748F800BDF2D5 /* Frameworks */,
				75474F75257748F800BDF2D5 /* Resources */,
			);
			buildRules = (
			);
			dependencies = (
				75474F79257748F800BDF2D5 /* PBXTargetDependency */,
			);
			name = LategramTests;
			productName = LategramTests;
			productReference = 75474F77257748F800BDF2D5 /* LategramTests.xctest */;
			productType = "com.apple.product-type.bundle.unit-test";
		};
		75474F81257748F800BDF2D5 /* LategramUITests */ = {
			isa = PBXNativeTarget;
			buildConfigurationList = 75474F91257748F800BDF2D5 /* Build configuration list for PBXNativeTarget "LategramUITests" */;
			buildPhases = (
				544F1002ECF951F877FED259 /* [CP] Check Pods Manifest.lock */,
				75474F7E257748F800BDF2D5 /* Sources */,
				75474F7F257748F800BDF2D5 /* Frameworks */,
				75474F80257748F800BDF2D5 /* Resources */,
				1B4D1892B9BFDDB974896F02 /* [CP] Embed Pods Frameworks */,
			);
			buildRules = (
			);
			dependencies = (
				75474F84257748F800BDF2D5 /* PBXTargetDependency */,
			);
			name = LategramUITests;
			productName = LategramUITests;
			productReference = 75474F82257748F800BDF2D5 /* LategramUITests.xctest */;
			productType = "com.apple.product-type.bundle.ui-testing";
		};
/* End PBXNativeTarget section */

/* Begin PBXProject section */
		75474F59257748F500BDF2D5 /* Project object */ = {
			isa = PBXProject;
			attributes = {
				LastSwiftUpdateCheck = 1200;
				LastUpgradeCheck = 1200;
				TargetAttributes = {
					75474F60257748F500BDF2D5 = {
						CreatedOnToolsVersion = 12.0;
					};
					75474F76257748F800BDF2D5 = {
						CreatedOnToolsVersion = 12.0;
						TestTargetID = 75474F60257748F500BDF2D5;
					};
					75474F81257748F800BDF2D5 = {
						CreatedOnToolsVersion = 12.0;
						TestTargetID = 75474F60257748F500BDF2D5;
					};
				};
			};
			buildConfigurationList = 75474F5C257748F500BDF2D5 /* Build configuration list for PBXProject "Lategram" */;
			compatibilityVersion = "Xcode 9.3";
			developmentRegion = en;
			hasScannedForEncodings = 0;
			knownRegions = (
				en,
				Base,
			);
			mainGroup = 75474F58257748F500BDF2D5;
			productRefGroup = 75474F62257748F500BDF2D5 /* Products */;
			projectDirPath = "";
			projectRoot = "";
			targets = (
				75474F60257748F500BDF2D5 /* Lategram */,
				75474F76257748F800BDF2D5 /* LategramTests */,
				75474F81257748F800BDF2D5 /* LategramUITests */,
			);
		};
/* End PBXProject section */

/* Begin PBXResourcesBuildPhase section */
		75474F5F257748F500BDF2D5 /* Resources */ = {
			isa = PBXResourcesBuildPhase;
			buildActionMask = 2147483647;
			files = (
				75474F71257748F800BDF2D5 /* LaunchScreen.storyboard in Resources */,
				75481DA92577712800FCE09D /* GoogleService-Info.plist in Resources */,
				75474F6E257748F800BDF2D5 /* Assets.xcassets in Resources */,
				75474F6C257748F500BDF2D5 /* Main.storyboard in Resources */,
			);
			runOnlyForDeploymentPostprocessing = 0;
		};
		75474F75257748F800BDF2D5 /* Resources */ = {
			isa = PBXResourcesBuildPhase;
			buildActionMask = 2147483647;
			files = (
			);
			runOnlyForDeploymentPostprocessing = 0;
		};
		75474F80257748F800BDF2D5 /* Resources */ = {
			isa = PBXResourcesBuildPhase;
			buildActionMask = 2147483647;
			files = (
			);
			runOnlyForDeploymentPostprocessing = 0;
		};
/* End PBXResourcesBuildPhase section */

/* Begin PBXShellScriptBuildPhase section */
		0D71167B277F998CA72B8158 /* [CP] Embed Pods Frameworks */ = {
			isa = PBXShellScriptBuildPhase;
			buildActionMask = 2147483647;
			files = (
			);
			inputFileListPaths = (
				"${PODS_ROOT}/Target Support Files/Pods-Lategram/Pods-Lategram-frameworks-${CONFIGURATION}-input-files.xcfilelist",
			);
			name = "[CP] Embed Pods Frameworks";
			outputFileListPaths = (
				"${PODS_ROOT}/Target Support Files/Pods-Lategram/Pods-Lategram-frameworks-${CONFIGURATION}-output-files.xcfilelist",
			);
			runOnlyForDeploymentPostprocessing = 0;
			shellPath = /bin/sh;
			shellScript = "\"${PODS_ROOT}/Target Support Files/Pods-Lategram/Pods-Lategram-frameworks.sh\"\n";
			showEnvVarsInLog = 0;
		};
		17472D980C4DAFC0A14146B5 /* [CP] Check Pods Manifest.lock */ = {
			isa = PBXShellScriptBuildPhase;
			buildActionMask = 2147483647;
			files = (
			);
			inputFileListPaths = (
			);
			inputPaths = (
				"${PODS_PODFILE_DIR_PATH}/Podfile.lock",
				"${PODS_ROOT}/Manifest.lock",
			);
			name = "[CP] Check Pods Manifest.lock";
			outputFileListPaths = (
			);
			outputPaths = (
				"$(DERIVED_FILE_DIR)/Pods-LategramTests-checkManifestLockResult.txt",
			);
			runOnlyForDeploymentPostprocessing = 0;
			shellPath = /bin/sh;
			shellScript = "diff \"${PODS_PODFILE_DIR_PATH}/Podfile.lock\" \"${PODS_ROOT}/Manifest.lock\" > /dev/null\nif [ $? != 0 ] ; then\n    # print error to STDERR\n    echo \"error: The sandbox is not in sync with the Podfile.lock. Run 'pod install' or update your CocoaPods installation.\" >&2\n    exit 1\nfi\n# This output is used by Xcode 'outputs' to avoid re-running this script phase.\necho \"SUCCESS\" > \"${SCRIPT_OUTPUT_FILE_0}\"\n";
			showEnvVarsInLog = 0;
		};
		1B4D1892B9BFDDB974896F02 /* [CP] Embed Pods Frameworks */ = {
			isa = PBXShellScriptBuildPhase;
			buildActionMask = 2147483647;
			files = (
			);
			inputFileListPaths = (
				"${PODS_ROOT}/Target Support Files/Pods-Lategram-LategramUITests/Pods-Lategram-LategramUITests-frameworks-${CONFIGURATION}-input-files.xcfilelist",
			);
			name = "[CP] Embed Pods Frameworks";
			outputFileListPaths = (
				"${PODS_ROOT}/Target Support Files/Pods-Lategram-LategramUITests/Pods-Lategram-LategramUITests-frameworks-${CONFIGURATION}-output-files.xcfilelist",
			);
			runOnlyForDeploymentPostprocessing = 0;
			shellPath = /bin/sh;
			shellScript = "\"${PODS_ROOT}/Target Support Files/Pods-Lategram-LategramUITests/Pods-Lategram-LategramUITests-frameworks.sh\"\n";
			showEnvVarsInLog = 0;
		};
		299EB661DD3511CE43F86D02 /* [CP] Check Pods Manifest.lock */ = {
			isa = PBXShellScriptBuildPhase;
			buildActionMask = 2147483647;
			files = (
			);
			inputFileListPaths = (
			);
			inputPaths = (
				"${PODS_PODFILE_DIR_PATH}/Podfile.lock",
				"${PODS_ROOT}/Manifest.lock",
			);
			name = "[CP] Check Pods Manifest.lock";
			outputFileListPaths = (
			);
			outputPaths = (
				"$(DERIVED_FILE_DIR)/Pods-Lategram-checkManifestLockResult.txt",
			);
			runOnlyForDeploymentPostprocessing = 0;
			shellPath = /bin/sh;
			shellScript = "diff \"${PODS_PODFILE_DIR_PATH}/Podfile.lock\" \"${PODS_ROOT}/Manifest.lock\" > /dev/null\nif [ $? != 0 ] ; then\n    # print error to STDERR\n    echo \"error: The sandbox is not in sync with the Podfile.lock. Run 'pod install' or update your CocoaPods installation.\" >&2\n    exit 1\nfi\n# This output is used by Xcode 'outputs' to avoid re-running this script phase.\necho \"SUCCESS\" > \"${SCRIPT_OUTPUT_FILE_0}\"\n";
			showEnvVarsInLog = 0;
		};
		544F1002ECF951F877FED259 /* [CP] Check Pods Manifest.lock */ = {
			isa = PBXShellScriptBuildPhase;
			buildActionMask = 2147483647;
			files = (
			);
			inputFileListPaths = (
			);
			inputPaths = (
				"${PODS_PODFILE_DIR_PATH}/Podfile.lock",
				"${PODS_ROOT}/Manifest.lock",
			);
			name = "[CP] Check Pods Manifest.lock";
			outputFileListPaths = (
			);
			outputPaths = (
				"$(DERIVED_FILE_DIR)/Pods-Lategram-LategramUITests-checkManifestLockResult.txt",
			);
			runOnlyForDeploymentPostprocessing = 0;
			shellPath = /bin/sh;
			shellScript = "diff \"${PODS_PODFILE_DIR_PATH}/Podfile.lock\" \"${PODS_ROOT}/Manifest.lock\" > /dev/null\nif [ $? != 0 ] ; then\n    # print error to STDERR\n    echo \"error: The sandbox is not in sync with the Podfile.lock. Run 'pod install' or update your CocoaPods installation.\" >&2\n    exit 1\nfi\n# This output is used by Xcode 'outputs' to avoid re-running this script phase.\necho \"SUCCESS\" > \"${SCRIPT_OUTPUT_FILE_0}\"\n";
			showEnvVarsInLog = 0;
		};
/* End PBXShellScriptBuildPhase section */

/* Begin PBXSourcesBuildPhase section */
		75474F5D257748F500BDF2D5 /* Sources */ = {
			isa = PBXSourcesBuildPhase;
			buildActionMask = 2147483647;
			files = (
				75481D9B2577555300FCE09D /* EditProfileViewController.swift in Sources */,
				75481D8A2577520900FCE09D /* ExploreViewController.swift in Sources */,
				75481DA72577566900FCE09D /* PublishPostViewController.swift in Sources */,
				75481D8C2577527100FCE09D /* CameraViewController.swift in Sources */,
				75474F69257748F500BDF2D5 /* HomeViewController.swift in Sources */,
				75481D97257754D900FCE09D /* RegistrationViewController.swift in Sources */,
				75DBDC7E2583255100E1946F /* IGFeedPostHeaderTableViewCell.swift in Sources */,
				75481DA52577563800FCE09D /* PostEditorViewController.swift in Sources */,
				755CAB6F257D6CB9007501FA /* StorageManager.swift in Sources */,
				75B9299C25858025000C0DEB /* FormTableViewCell.swift in Sources */,
				75481D992577552400FCE09D /* PostViewController.swift in Sources */,
				75B929A32585A28C000C0DEB /* ProfileTabsCollectionReusableView.swift in Sources */,
				75481DAC257777C000FCE09D /* DatabaseManager.swift in Sources */,
				75481D8E2577533B00FCE09D /* NotificationsViewController.swift in Sources */,
				75DBDC7B258321E400E1946F /* IGFeedPostTableViewCell.swift in Sources */,
				75B9299F2585A17A000C0DEB /* PhotoCollectionViewCell.swift in Sources */,
				75481DA3257755ED00FCE09D /* SearchResultViewController.swift in Sources */,
				75481D95257754A800FCE09D /* LoginViewController.swift in Sources */,
				755CAB71257D74D7007501FA /* Extensions.swift in Sources */,
				75DBDC82258325CC00E1946F /* IGFeedPostGeneralTableViewCell.swift in Sources */,
				75481DA1257755CF00FCE09D /* SearchViewController.swift in Sources */,
				75B929A12585A233000C0DEB /* ProfileInfoHeaderCollectionReusableView.swift in Sources */,
				75481D902577535600FCE09D /* ProfileViewController.swift in Sources */,
				755CAB6D257D6C45007501FA /* AuthManager.swift in Sources */,
				75474F65257748F500BDF2D5 /* AppDelegate.swift in Sources */,
				75474F67257748F500BDF2D5 /* SceneDelegate.swift in Sources */,
				75DBDC802583259000E1946F /* IGFeedPostActionsTableViewCell.swift in Sources */,
				75481D9F257755AC00FCE09D /* ListViewController.swift in Sources */,
				75481D9D2577557A00FCE09D /* SettingsViewController.swift in Sources */,
			);
			runOnlyForDeploymentPostprocessing = 0;
		};
		75474F73257748F800BDF2D5 /* Sources */ = {
			isa = PBXSourcesBuildPhase;
			buildActionMask = 2147483647;
			files = (
				75474F7C257748F800BDF2D5 /* LategramTests.swift in Sources */,
			);
			runOnlyForDeploymentPostprocessing = 0;
		};
		75474F7E257748F800BDF2D5 /* Sources */ = {
			isa = PBXSourcesBuildPhase;
			buildActionMask = 2147483647;
			files = (
				75474F87257748F800BDF2D5 /* LategramUITests.swift in Sources */,
			);
			runOnlyForDeploymentPostprocessing = 0;
		};
/* End PBXSourcesBuildPhase section */

/* Begin PBXTargetDependency section */
		75474F79257748F800BDF2D5 /* PBXTargetDependency */ = {
			isa = PBXTargetDependency;
			target = 75474F60257748F500BDF2D5 /* Lategram */;
			targetProxy = 75474F78257748F800BDF2D5 /* PBXContainerItemProxy */;
		};
		75474F84257748F800BDF2D5 /* PBXTargetDependency */ = {
			isa = PBXTargetDependency;
			target = 75474F60257748F500BDF2D5 /* Lategram */;
			targetProxy = 75474F83257748F800BDF2D5 /* PBXContainerItemProxy */;
		};
/* End PBXTargetDependency section */

/* Begin PBXVariantGroup section */
		75474F6A257748F500BDF2D5 /* Main.storyboard */ = {
			isa = PBXVariantGroup;
			children = (
				75474F6B257748F500BDF2D5 /* Base */,
			);
			name = Main.storyboard;
			sourceTree = "<group>";
		};
		75474F6F257748F800BDF2D5 /* LaunchScreen.storyboard */ = {
			isa = PBXVariantGroup;
			children = (
				75474F70257748F800BDF2D5 /* Base */,
			);
			name = LaunchScreen.storyboard;
			sourceTree = "<group>";
		};
/* End PBXVariantGroup section */

/* Begin XCBuildConfiguration section */
		75474F89257748F800BDF2D5 /* Debug */ = {
			isa = XCBuildConfiguration;
			buildSettings = {
				ALWAYS_SEARCH_USER_PATHS = NO;
				CLANG_ANALYZER_NONNULL = YES;
				CLANG_ANALYZER_NUMBER_OBJECT_CONVERSION = YES_AGGRESSIVE;
				CLANG_CXX_LANGUAGE_STANDARD = "gnu++14";
				CLANG_CXX_LIBRARY = "libc++";
				CLANG_ENABLE_MODULES = YES;
				CLANG_ENABLE_OBJC_ARC = YES;
				CLANG_ENABLE_OBJC_WEAK = YES;
				CLANG_WARN_BLOCK_CAPTURE_AUTORELEASING = YES;
				CLANG_WARN_BOOL_CONVERSION = YES;
				CLANG_WARN_COMMA = YES;
				CLANG_WARN_CONSTANT_CONVERSION = YES;
				CLANG_WARN_DEPRECATED_OBJC_IMPLEMENTATIONS = YES;
				CLANG_WARN_DIRECT_OBJC_ISA_USAGE = YES_ERROR;
				CLANG_WARN_DOCUMENTATION_COMMENTS = YES;
				CLANG_WARN_EMPTY_BODY = YES;
				CLANG_WARN_ENUM_CONVERSION = YES;
				CLANG_WARN_INFINITE_RECURSION = YES;
				CLANG_WARN_INT_CONVERSION = YES;
				CLANG_WARN_NON_LITERAL_NULL_CONVERSION = YES;
				CLANG_WARN_OBJC_IMPLICIT_RETAIN_SELF = YES;
				CLANG_WARN_OBJC_LITERAL_CONVERSION = YES;
				CLANG_WARN_OBJC_ROOT_CLASS = YES_ERROR;
				CLANG_WARN_QUOTED_INCLUDE_IN_FRAMEWORK_HEADER = YES;
				CLANG_WARN_RANGE_LOOP_ANALYSIS = YES;
				CLANG_WARN_STRICT_PROTOTYPES = YES;
				CLANG_WARN_SUSPICIOUS_MOVE = YES;
				CLANG_WARN_UNGUARDED_AVAILABILITY = YES_AGGRESSIVE;
				CLANG_WARN_UNREACHABLE_CODE = YES;
				CLANG_WARN__DUPLICATE_METHOD_MATCH = YES;
				COPY_PHASE_STRIP = NO;
				DEBUG_INFORMATION_FORMAT = dwarf;
				ENABLE_STRICT_OBJC_MSGSEND = YES;
				ENABLE_TESTABILITY = YES;
				GCC_C_LANGUAGE_STANDARD = gnu11;
				GCC_DYNAMIC_NO_PIC = NO;
				GCC_NO_COMMON_BLOCKS = YES;
				GCC_OPTIMIZATION_LEVEL = 0;
				GCC_PREPROCESSOR_DEFINITIONS = (
					"DEBUG=1",
					"$(inherited)",
				);
				GCC_WARN_64_TO_32_BIT_CONVERSION = YES;
				GCC_WARN_ABOUT_RETURN_TYPE = YES_ERROR;
				GCC_WARN_UNDECLARED_SELECTOR = YES;
				GCC_WARN_UNINITIALIZED_AUTOS = YES_AGGRESSIVE;
				GCC_WARN_UNUSED_FUNCTION = YES;
				GCC_WARN_UNUSED_VARIABLE = YES;
				IPHONEOS_DEPLOYMENT_TARGET = 13.0;
				MTL_ENABLE_DEBUG_INFO = INCLUDE_SOURCE;
				MTL_FAST_MATH = YES;
				ONLY_ACTIVE_ARCH = YES;
				SDKROOT = iphoneos;
				SWIFT_ACTIVE_COMPILATION_CONDITIONS = DEBUG;
				SWIFT_OPTIMIZATION_LEVEL = "-Onone";
			};
			name = Debug;
		};
		75474F8A257748F800BDF2D5 /* Release */ = {
			isa = XCBuildConfiguration;
			buildSettings = {
				ALWAYS_SEARCH_USER_PATHS = NO;
				CLANG_ANALYZER_NONNULL = YES;
				CLANG_ANALYZER_NUMBER_OBJECT_CONVERSION = YES_AGGRESSIVE;
				CLANG_CXX_LANGUAGE_STANDARD = "gnu++14";
				CLANG_CXX_LIBRARY = "libc++";
				CLANG_ENABLE_MODULES = YES;
				CLANG_ENABLE_OBJC_ARC = YES;
				CLANG_ENABLE_OBJC_WEAK = YES;
				CLANG_WARN_BLOCK_CAPTURE_AUTORELEASING = YES;
				CLANG_WARN_BOOL_CONVERSION = YES;
				CLANG_WARN_COMMA = YES;
				CLANG_WARN_CONSTANT_CONVERSION = YES;
				CLANG_WARN_DEPRECATED_OBJC_IMPLEMENTATIONS = YES;
				CLANG_WARN_DIRECT_OBJC_ISA_USAGE = YES_ERROR;
				CLANG_WARN_DOCUMENTATION_COMMENTS = YES;
				CLANG_WARN_EMPTY_BODY = YES;
				CLANG_WARN_ENUM_CONVERSION = YES;
				CLANG_WARN_INFINITE_RECURSION = YES;
				CLANG_WARN_INT_CONVERSION = YES;
				CLANG_WARN_NON_LITERAL_NULL_CONVERSION = YES;
				CLANG_WARN_OBJC_IMPLICIT_RETAIN_SELF = YES;
				CLANG_WARN_OBJC_LITERAL_CONVERSION = YES;
				CLANG_WARN_OBJC_ROOT_CLASS = YES_ERROR;
				CLANG_WARN_QUOTED_INCLUDE_IN_FRAMEWORK_HEADER = YES;
				CLANG_WARN_RANGE_LOOP_ANALYSIS = YES;
				CLANG_WARN_STRICT_PROTOTYPES = YES;
				CLANG_WARN_SUSPICIOUS_MOVE = YES;
				CLANG_WARN_UNGUARDED_AVAILABILITY = YES_AGGRESSIVE;
				CLANG_WARN_UNREACHABLE_CODE = YES;
				CLANG_WARN__DUPLICATE_METHOD_MATCH = YES;
				COPY_PHASE_STRIP = NO;
				DEBUG_INFORMATION_FORMAT = "dwarf-with-dsym";
				ENABLE_NS_ASSERTIONS = NO;
				ENABLE_STRICT_OBJC_MSGSEND = YES;
				GCC_C_LANGUAGE_STANDARD = gnu11;
				GCC_NO_COMMON_BLOCKS = YES;
				GCC_WARN_64_TO_32_BIT_CONVERSION = YES;
				GCC_WARN_ABOUT_RETURN_TYPE = YES_ERROR;
				GCC_WARN_UNDECLARED_SELECTOR = YES;
				GCC_WARN_UNINITIALIZED_AUTOS = YES_AGGRESSIVE;
				GCC_WARN_UNUSED_FUNCTION = YES;
				GCC_WARN_UNUSED_VARIABLE = YES;
				IPHONEOS_DEPLOYMENT_TARGET = 13.0;
				MTL_ENABLE_DEBUG_INFO = NO;
				MTL_FAST_MATH = YES;
				SDKROOT = iphoneos;
				SWIFT_COMPILATION_MODE = wholemodule;
				SWIFT_OPTIMIZATION_LEVEL = "-O";
				VALIDATE_PRODUCT = YES;
			};
			name = Release;
		};
		75474F8C257748F800BDF2D5 /* Debug */ = {
			isa = XCBuildConfiguration;
			baseConfigurationReference = 9F01D8B2DB1CE0007D097D8B /* Pods-Lategram.debug.xcconfig */;
			buildSettings = {
				ASSETCATALOG_COMPILER_APPICON_NAME = AppIcon;
				ASSETCATALOG_COMPILER_GLOBAL_ACCENT_COLOR_NAME = AccentColor;
				CODE_SIGN_STYLE = Automatic;
				DEVELOPMENT_TEAM = QFQW29JWKY;
				INFOPLIST_FILE = Lategram/Info.plist;
				IPHONEOS_DEPLOYMENT_TARGET = 13.0;
				LD_RUNPATH_SEARCH_PATHS = (
					"$(inherited)",
					"@executable_path/Frameworks",
				);
				PRODUCT_BUNDLE_IDENTIFIER = com.Me2.Lategram;
				PRODUCT_NAME = "$(TARGET_NAME)";
				SWIFT_VERSION = 5.0;
				TARGETED_DEVICE_FAMILY = "1,2";
			};
			name = Debug;
		};
		75474F8D257748F800BDF2D5 /* Release */ = {
			isa = XCBuildConfiguration;
			baseConfigurationReference = 880AA36BACAE19A370B5F517 /* Pods-Lategram.release.xcconfig */;
			buildSettings = {
				ASSETCATALOG_COMPILER_APPICON_NAME = AppIcon;
				ASSETCATALOG_COMPILER_GLOBAL_ACCENT_COLOR_NAME = AccentColor;
				CODE_SIGN_STYLE = Automatic;
				DEVELOPMENT_TEAM = QFQW29JWKY;
				INFOPLIST_FILE = Lategram/Info.plist;
				IPHONEOS_DEPLOYMENT_TARGET = 13.0;
				LD_RUNPATH_SEARCH_PATHS = (
					"$(inherited)",
					"@executable_path/Frameworks",
				);
				PRODUCT_BUNDLE_IDENTIFIER = com.Me2.Lategram;
				PRODUCT_NAME = "$(TARGET_NAME)";
				SWIFT_VERSION = 5.0;
				TARGETED_DEVICE_FAMILY = "1,2";
			};
			name = Release;
		};
		75474F8F257748F800BDF2D5 /* Debug */ = {
			isa = XCBuildConfiguration;
			baseConfigurationReference = A45EE17C2846AB70A57B5CDF /* Pods-LategramTests.debug.xcconfig */;
			buildSettings = {
				ALWAYS_EMBED_SWIFT_STANDARD_LIBRARIES = YES;
				BUNDLE_LOADER = "$(TEST_HOST)";
				CODE_SIGN_STYLE = Automatic;
				DEVELOPMENT_TEAM = QFQW29JWKY;
				INFOPLIST_FILE = LategramTests/Info.plist;
				IPHONEOS_DEPLOYMENT_TARGET = 14.0;
				LD_RUNPATH_SEARCH_PATHS = (
					"$(inherited)",
					"@executable_path/Frameworks",
					"@loader_path/Frameworks",
				);
				PRODUCT_BUNDLE_IDENTIFIER = com.Me2.LategramTests;
				PRODUCT_NAME = "$(TARGET_NAME)";
				SWIFT_VERSION = 5.0;
				TARGETED_DEVICE_FAMILY = "1,2";
				TEST_HOST = "$(BUILT_PRODUCTS_DIR)/Lategram.app/Lategram";
			};
			name = Debug;
		};
		75474F90257748F800BDF2D5 /* Release */ = {
			isa = XCBuildConfiguration;
			baseConfigurationReference = A2077EEF3DDA36E8563CC73F /* Pods-LategramTests.release.xcconfig */;
			buildSettings = {
				ALWAYS_EMBED_SWIFT_STANDARD_LIBRARIES = YES;
				BUNDLE_LOADER = "$(TEST_HOST)";
				CODE_SIGN_STYLE = Automatic;
				DEVELOPMENT_TEAM = QFQW29JWKY;
				INFOPLIST_FILE = LategramTests/Info.plist;
				IPHONEOS_DEPLOYMENT_TARGET = 14.0;
				LD_RUNPATH_SEARCH_PATHS = (
					"$(inherited)",
					"@executable_path/Frameworks",
					"@loader_path/Frameworks",
				);
				PRODUCT_BUNDLE_IDENTIFIER = com.Me2.LategramTests;
				PRODUCT_NAME = "$(TARGET_NAME)";
				SWIFT_VERSION = 5.0;
				TARGETED_DEVICE_FAMILY = "1,2";
				TEST_HOST = "$(BUILT_PRODUCTS_DIR)/Lategram.app/Lategram";
			};
			name = Release;
		};
		75474F92257748F800BDF2D5 /* Debug */ = {
			isa = XCBuildConfiguration;
			baseConfigurationReference = 8972EE418769759943D399B4 /* Pods-Lategram-LategramUITests.debug.xcconfig */;
			buildSettings = {
				ALWAYS_EMBED_SWIFT_STANDARD_LIBRARIES = YES;
				CODE_SIGN_STYLE = Automatic;
				DEVELOPMENT_TEAM = QFQW29JWKY;
				INFOPLIST_FILE = LategramUITests/Info.plist;
				LD_RUNPATH_SEARCH_PATHS = (
					"$(inherited)",
					"@executable_path/Frameworks",
					"@loader_path/Frameworks",
				);
				PRODUCT_BUNDLE_IDENTIFIER = com.Me2.LategramUITests;
				PRODUCT_NAME = "$(TARGET_NAME)";
				SWIFT_VERSION = 5.0;
				TARGETED_DEVICE_FAMILY = "1,2";
				TEST_TARGET_NAME = Lategram;
			};
			name = Debug;
		};
		75474F93257748F800BDF2D5 /* Release */ = {
			isa = XCBuildConfiguration;
			baseConfigurationReference = D237E2943699161F125BF15B /* Pods-Lategram-LategramUITests.release.xcconfig */;
			buildSettings = {
				ALWAYS_EMBED_SWIFT_STANDARD_LIBRARIES = YES;
				CODE_SIGN_STYLE = Automatic;
				DEVELOPMENT_TEAM = QFQW29JWKY;
				INFOPLIST_FILE = LategramUITests/Info.plist;
				LD_RUNPATH_SEARCH_PATHS = (
					"$(inherited)",
					"@executable_path/Frameworks",
					"@loader_path/Frameworks",
				);
				PRODUCT_BUNDLE_IDENTIFIER = com.Me2.LategramUITests;
				PRODUCT_NAME = "$(TARGET_NAME)";
				SWIFT_VERSION = 5.0;
				TARGETED_DEVICE_FAMILY = "1,2";
				TEST_TARGET_NAME = Lategram;
			};
			name = Release;
		};
/* End XCBuildConfiguration section */

/* Begin XCConfigurationList section */
		75474F5C257748F500BDF2D5 /* Build configuration list for PBXProject "Lategram" */ = {
			isa = XCConfigurationList;
			buildConfigurations = (
				75474F89257748F800BDF2D5 /* Debug */,
				75474F8A257748F800BDF2D5 /* Release */,
			);
			defaultConfigurationIsVisible = 0;
			defaultConfigurationName = Release;
		};
		75474F8B257748F800BDF2D5 /* Build configuration list for PBXNativeTarget "Lategram" */ = {
			isa = XCConfigurationList;
			buildConfigurations = (
				75474F8C257748F800BDF2D5 /* Debug */,
				75474F8D257748F800BDF2D5 /* Release */,
			);
			defaultConfigurationIsVisible = 0;
			defaultConfigurationName = Release;
		};
		75474F8E257748F800BDF2D5 /* Build configuration list for PBXNativeTarget "LategramTests" */ = {
			isa = XCConfigurationList;
			buildConfigurations = (
				75474F8F257748F800BDF2D5 /* Debug */,
				75474F90257748F800BDF2D5 /* Release */,
			);
			defaultConfigurationIsVisible = 0;
			defaultConfigurationName = Release;
		};
		75474F91257748F800BDF2D5 /* Build configuration list for PBXNativeTarget "LategramUITests" */ = {
			isa = XCConfigurationList;
			buildConfigurations = (
				75474F92257748F800BDF2D5 /* Debug */,
				75474F93257748F800BDF2D5 /* Release */,
			);
			defaultConfigurationIsVisible = 0;
			defaultConfigurationName = Release;
		};
/* End XCConfigurationList section */
	};
	rootObject = 75474F59257748F500BDF2D5 /* Project object */;
}
